
Microsoft Visual Studio Solution File, Format Version 12.00
# Visual Studio Version 16
VisualStudioVersion = 16.0.29509.3
MinimumVisualStudioVersion = 10.0.40219.1
Project("{FAE04EC0-301F-11D3-BF4B-00C04F79EFBC}") = "Northwind.Entities", "Northwind.Entities\Northwind.Entities.csproj", "{73B57C54-F181-4E65-9D3B-86866B53C918}"
EndProject
Project("{FAE04EC0-301F-11D3-BF4B-00C04F79EFBC}") = "Northwind.DataAccess", "Northwind.DataAccess\Northwind.DataAccess.csproj", "{CC6F6B45-8C46-4CA5-AE01-69604D07F902}"
EndProject
Project("{FAE04EC0-301F-11D3-BF4B-00C04F79EFBC}") = "Northwind.Business", "Northwind.Business\Northwind.Business.csproj", "{05EE811E-B138-4459-A277-CF5B056BEBB5}"
EndProject
Project("{FAE04EC0-301F-11D3-BF4B-00C04F79EFBC}") = "Northwind.Core", "Northwind.Core\Northwind.Core.csproj", "{3EE58A11-F193-4811-AEA7-559D083A0934}"
EndProject
Project("{FAE04EC0-301F-11D3-BF4B-00C04F79EFBC}") = "Northwind.WebAPI", "Northwind.WebAPI\Northwind.WebAPI.csproj", "{1F381ABC-8474-4CB0-A60F-A4BAE586710C}"
EndProject
Global
	GlobalSection(SolutionConfigurationPlatforms) = preSolution
		Debug|Any CPU = Debug|Any CPU
		Release|Any CPU = Release|Any CPU
	EndGlobalSection
	GlobalSection(ProjectConfigurationPlatforms) = postSolution
		{73B57C54-F181-4E65-9D3B-86866B53C918}.Debug|Any CPU.ActiveCfg = Debug|Any CPU
		{73B57C54-F181-4E65-9D3B-86866B53C918}.Debug|Any CPU.Build.0 = Debug|Any CPU
		{73B57C54-F181-4E65-9D3B-86866B53C918}.Release|Any CPU.ActiveCfg = Release|Any CPU
		{73B57C54-F181-4E65-9D3B-86866B53C918}.Release|Any CPU.Build.0 = Release|Any CPU
		{CC6F6B45-8C46-4CA5-AE01-69604D07F902}.Debug|Any CPU.ActiveCfg = Debug|Any CPU
		{CC6F6B45-8C46-4CA5-AE01-69604D07F902}.Debug|Any CPU.Build.0 = Debug|Any CPU
		{CC6F6B45-8C46-4CA5-AE01-69604D07F902}.Release|Any CPU.ActiveCfg = Release|Any CPU
		{CC6F6B45-8C46-4CA5-AE01-69604D07F902}.Release|Any CPU.Build.0 = Release|Any CPU
		{05EE811E-B138-4459-A277-CF5B056BEBB5}.Debug|Any CPU.ActiveCfg = Debug|Any CPU
		{05EE811E-B138-4459-A277-CF5B056BEBB5}.Debug|Any CPU.Build.0 = Debug|Any CPU
		{05EE811E-B138-4459-A277-CF5B056BEBB5}.Release|Any CPU.ActiveCfg = Release|Any CPU
		{05EE811E-B138-4459-A277-CF5B056BEBB5}.Release|Any CPU.Build.0 = Release|Any CPU
		{3EE58A11-F193-4811-AEA7-559D083A0934}.Debug|Any CPU.ActiveCfg = Debug|Any CPU
		{3EE58A11-F193-4811-AEA7-559D083A0934}.Debug|Any CPU.Build.0 = Debug|Any CPU
		{3EE58A11-F193-4811-AEA7-559D083A0934}.Release|Any CPU.ActiveCfg = Release|Any CPU
		{3EE58A11-F193-4811-AEA7-559D083A0934}.Release|Any CPU.Build.0 = Release|Any CPU
		{1F381ABC-8474-4CB0-A60F-A4BAE586710C}.Debug|Any CPU.ActiveCfg = Debug|Any CPU
		{1F381ABC-8474-4CB0-A60F-A4BAE586710C}.Debug|Any CPU.Build.0 = Debug|Any CPU
		{1F381ABC-8474-4CB0-A60F-A4BAE586710C}.Release|Any CPU.ActiveCfg = Release|Any CPU
		{1F381ABC-8474-4CB0-A60F-A4BAE586710C}.Release|Any CPU.Build.0 = Release|Any CPU
	EndGlobalSection
	GlobalSection(SolutionProperties) = preSolution
		HideSolutionNode = FALSE
	EndGlobalSection
	GlobalSection(ExtensibilityGlobals) = postSolution
		SolutionGuid = {6C5F37B5-F93D-4797-9C4F-F176869AD7F1}
	EndGlobalSection
EndGlobal
